// !$*UTF8*$!
{
	archiveVersion = 1;
	classes = {
	};
	objectVersion = 46;
	objects = {

/* Begin PBXBuildFile section */
		221AA85E1B0745DC008805A5 /* OHDropdownMenuTableViewController.swift in Sources */ = {isa = PBXBuildFile; fileRef = 221AA85D1B0745DC008805A5 /* OHDropdownMenuTableViewController.swift */; };
		221AA8601B074617008805A5 /* OHDropdownMenuTableViewCell.swift in Sources */ = {isa = PBXBuildFile; fileRef = 221AA85F1B074617008805A5 /* OHDropdownMenuTableViewCell.swift */; };
		221AA8631B074651008805A5 /* OHDropdownMenuButton.swift in Sources */ = {isa = PBXBuildFile; fileRef = 221AA8621B074651008805A5 /* OHDropdownMenuButton.swift */; };
		221D82AC1B10AD89007135F1 /* OHRearMenuHeaderView.swift in Sources */ = {isa = PBXBuildFile; fileRef = 221D82AB1B10AD89007135F1 /* OHRearMenuHeaderView.swift */; };
		221D82AE1B10DA2F007135F1 /* OHRearMenuSectionHeader.swift in Sources */ = {isa = PBXBuildFile; fileRef = 221D82AD1B10DA2F007135F1 /* OHRearMenuSectionHeader.swift */; };
		223C7FB61AE79FF90079A41C /* OHRestParser.swift in Sources */ = {isa = PBXBuildFile; fileRef = 223C7FB51AE79FF90079A41C /* OHRestParser.swift */; };
		223C7FB81AE7C4040079A41C /* OHHomepage.swift in Sources */ = {isa = PBXBuildFile; fileRef = 223C7FB71AE7C4040079A41C /* OHHomepage.swift */; };
		22599E621B0A13EC00EE7558 /* OHBeaconManager.swift in Sources */ = {isa = PBXBuildFile; fileRef = 22599E611B0A13EC00EE7558 /* OHBeaconManager.swift */; };
		226F9E7B1B0CC97D00231D5C /* SWRevealViewController.m in Sources */ = {isa = PBXBuildFile; fileRef = 226F9E7A1B0CC97D00231D5C /* SWRevealViewController.m */; };
		226F9E7E1B0CCF8700231D5C /* OHRearMenuViewController.swift in Sources */ = {isa = PBXBuildFile; fileRef = 226F9E7D1B0CCF8700231D5C /* OHRearMenuViewController.swift */; };
		226F9E801B0CEABF00231D5C /* OHRearMenuTableViewCell.swift in Sources */ = {isa = PBXBuildFile; fileRef = 226F9E7F1B0CEABF00231D5C /* OHRearMenuTableViewCell.swift */; };
		227DDC2A1ADBE25A001EAE08 /* AppDelegate.swift in Sources */ = {isa = PBXBuildFile; fileRef = 227DDC291ADBE25A001EAE08 /* AppDelegate.swift */; };
		227DDC2F1ADBE25A001EAE08 /* Main.storyboard in Resources */ = {isa = PBXBuildFile; fileRef = 227DDC2D1ADBE25A001EAE08 /* Main.storyboard */; };
		227DDC311ADBE25A001EAE08 /* Images.xcassets in Resources */ = {isa = PBXBuildFile; fileRef = 227DDC301ADBE25A001EAE08 /* Images.xcassets */; };
		227DDC341ADBE25A001EAE08 /* LaunchScreen.xib in Resources */ = {isa = PBXBuildFile; fileRef = 227DDC321ADBE25A001EAE08 /* LaunchScreen.xib */; };
		227DDC401ADBE25B001EAE08 /* OpenhabApiTests.swift in Sources */ = {isa = PBXBuildFile; fileRef = 227DDC3F1ADBE25B001EAE08 /* OpenhabApiTests.swift */; };
		227DDC4A1ADBE2A1001EAE08 /* OHRestManager.swift in Sources */ = {isa = PBXBuildFile; fileRef = 227DDC491ADBE2A1001EAE08 /* OHRestManager.swift */; };
		227DDC4C1ADBE8D1001EAE08 /* SwiftyJSON.swift in Sources */ = {isa = PBXBuildFile; fileRef = 227DDC4B1ADBE8D1001EAE08 /* SwiftyJSON.swift */; };
		227DDC501ADC09BC001EAE08 /* OHBeacon.swift in Sources */ = {isa = PBXBuildFile; fileRef = 227DDC4F1ADC09BC001EAE08 /* OHBeacon.swift */; };
		227DDC5A1ADD3C32001EAE08 /* OHSitemap.swift in Sources */ = {isa = PBXBuildFile; fileRef = 227DDC591ADD3C32001EAE08 /* OHSitemap.swift */; };
		227DDC5C1ADD4EB6001EAE08 /* OHSitemapsTableViewController.swift in Sources */ = {isa = PBXBuildFile; fileRef = 227DDC5B1ADD4EB6001EAE08 /* OHSitemapsTableViewController.swift */; };
		228156031B20520C005A137A /* OHSettingsViewController.swift in Sources */ = {isa = PBXBuildFile; fileRef = 228156021B20520C005A137A /* OHSettingsViewController.swift */; };
		228156051B20583B005A137A /* Defaults.plist in Resources */ = {isa = PBXBuildFile; fileRef = 228156041B20583B005A137A /* Defaults.plist */; };
		228156091B2070B8005A137A /* OHDefaults.swift in Sources */ = {isa = PBXBuildFile; fileRef = 228156081B2070B8005A137A /* OHDefaults.swift */; };
		229C2CAD1B1607D80003FE64 /* S3FileManager.m in Sources */ = {isa = PBXBuildFile; fileRef = 229C2CAC1B1607D80003FE64 /* S3FileManager.m */; };
		22A899CE1AFA0934004FFC16 /* OHRootViewController.swift in Sources */ = {isa = PBXBuildFile; fileRef = 22A899CD1AFA0934004FFC16 /* OHRootViewController.swift */; };
		22A899D01AFA0DA7004FFC16 /* OHDataManager.swift in Sources */ = {isa = PBXBuildFile; fileRef = 22A899CF1AFA0DA7004FFC16 /* OHDataManager.swift */; };
		22A899D21AFA30B1004FFC16 /* ViewSetter.swift in Sources */ = {isa = PBXBuildFile; fileRef = 22A899D11AFA30B1004FFC16 /* ViewSetter.swift */; };
		22B3BAE11AE64B4E006150AC /* OHSitemapParser.swift in Sources */ = {isa = PBXBuildFile; fileRef = 22B3BAE01AE64B4E006150AC /* OHSitemapParser.swift */; };
		22B3BAE31AE64D82006150AC /* OHWidget.swift in Sources */ = {isa = PBXBuildFile; fileRef = 22B3BAE21AE64D82006150AC /* OHWidget.swift */; };
		22B3BAE51AE68AA5006150AC /* OHRoomsViewController.swift in Sources */ = {isa = PBXBuildFile; fileRef = 22B3BAE41AE68AA5006150AC /* OHRoomsViewController.swift */; };
		22C632F01B04B8BD00BB0A17 /* OHBaseViewController.swift in Sources */ = {isa = PBXBuildFile; fileRef = 22C632EF1B04B8BD00BB0A17 /* OHBaseViewController.swift */; };
		22C632F91B04E42500BB0A17 /* AngleGradientLayer.m in Sources */ = {isa = PBXBuildFile; fileRef = 22C632F61B04E42500BB0A17 /* AngleGradientLayer.m */; };
		22C632FA1B04E42500BB0A17 /* ButtonWithCustomBackgroundSize.swift in Sources */ = {isa = PBXBuildFile; fileRef = 22C632F71B04E42500BB0A17 /* ButtonWithCustomBackgroundSize.swift */; };
		22C632FB1B04E42500BB0A17 /* ColorWheel.swift in Sources */ = {isa = PBXBuildFile; fileRef = 22C632F81B04E42500BB0A17 /* ColorWheel.swift */; };
		22CC649E1B1C7FD700635978 /* OHLight.swift in Sources */ = {isa = PBXBuildFile; fileRef = 22CC649D1B1C7FD700635978 /* OHLight.swift */; };
		22CC64A01B1DCDD100635978 /* PowerButton.swift in Sources */ = {isa = PBXBuildFile; fileRef = 22CC649F1B1DCDD100635978 /* PowerButton.swift */; };
		22CC64A21B1DDC4A00635978 /* MDWSlider.swift in Sources */ = {isa = PBXBuildFile; fileRef = 22CC64A11B1DDC4A00635978 /* MDWSlider.swift */; };
		22CC64A91B1F0B2A00635978 /* Muli-Light.ttf in Resources */ = {isa = PBXBuildFile; fileRef = 22CC64A51B1F03E300635978 /* Muli-Light.ttf */; };
		22CC64AA1B1F0B2A00635978 /* Muli-Regular.ttf in Resources */ = {isa = PBXBuildFile; fileRef = 22CC64A61B1F03E300635978 /* Muli-Regular.ttf */; };
		22CC64AC1B1F234B00635978 /* OHRearMenuFooterView.swift in Sources */ = {isa = PBXBuildFile; fileRef = 22CC64AB1B1F234B00635978 /* OHRearMenuFooterView.swift */; };
		22D782ED1AEF7FF8006BFDF8 /* OHWidgetCollectionViewController.swift in Sources */ = {isa = PBXBuildFile; fileRef = 22D782EC1AEF7FF8006BFDF8 /* OHWidgetCollectionViewController.swift */; };
		22D782EF1AEFA9F9006BFDF8 /* OHWidgetCell.swift in Sources */ = {isa = PBXBuildFile; fileRef = 22D782EE1AEFA9F9006BFDF8 /* OHWidgetCell.swift */; };
		22D782F11AEFBE5E006BFDF8 /* OHWidgetCollectionViewLayout.swift in Sources */ = {isa = PBXBuildFile; fileRef = 22D782F01AEFBE5E006BFDF8 /* OHWidgetCollectionViewLayout.swift */; };
		22DFE53F1AF0CA1300390AC6 /* Settings.bundle in Resources */ = {isa = PBXBuildFile; fileRef = 22DFE53E1AF0CA1300390AC6 /* Settings.bundle */; };
		22E83C0A1ADE65710055B77A /* OHItem.swift in Sources */ = {isa = PBXBuildFile; fileRef = 22E83C091ADE65710055B77A /* OHItem.swift */; };
		22E83C0C1ADEACFD0055B77A /* OHLinkedPage.swift in Sources */ = {isa = PBXBuildFile; fileRef = 22E83C0B1ADEACFD0055B77A /* OHLinkedPage.swift */; };
		22EC1D071B01174300A39857 /* OHLightController.swift in Sources */ = {isa = PBXBuildFile; fileRef = 22EC1D061B01174300A39857 /* OHLightController.swift */; };
		22EC1D091B02004C00A39857 /* OHRoomViewController.swift in Sources */ = {isa = PBXBuildFile; fileRef = 22EC1D081B02004C00A39857 /* OHRoomViewController.swift */; };
		22FF37A01B21A8AE00D69741 /* OHStatusBarView.swift in Sources */ = {isa = PBXBuildFile; fileRef = 22FF379F1B21A8AE00D69741 /* OHStatusBarView.swift */; };
/* End PBXBuildFile section */

/* Begin PBXContainerItemProxy section */
		227DDC3A1ADBE25B001EAE08 /* PBXContainerItemProxy */ = {
			isa = PBXContainerItemProxy;
			containerPortal = 227DDC1C1ADBE25A001EAE08 /* Project object */;
			proxyType = 1;
			remoteGlobalIDString = 227DDC231ADBE25A001EAE08;
			remoteInfo = OpenhabApi;
		};
/* End PBXContainerItemProxy section */

/* Begin PBXFileReference section */
		221AA85D1B0745DC008805A5 /* OHDropdownMenuTableViewController.swift */ = {isa = PBXFileReference; fileEncoding = 4; lastKnownFileType = sourcecode.swift; path = OHDropdownMenuTableViewController.swift; sourceTree = "<group>"; };
		221AA85F1B074617008805A5 /* OHDropdownMenuTableViewCell.swift */ = {isa = PBXFileReference; fileEncoding = 4; lastKnownFileType = sourcecode.swift; path = OHDropdownMenuTableViewCell.swift; sourceTree = "<group>"; };
		221AA8621B074651008805A5 /* OHDropdownMenuButton.swift */ = {isa = PBXFileReference; fileEncoding = 4; lastKnownFileType = sourcecode.swift; path = OHDropdownMenuButton.swift; sourceTree = "<group>"; };
		221D82AB1B10AD89007135F1 /* OHRearMenuHeaderView.swift */ = {isa = PBXFileReference; fileEncoding = 4; lastKnownFileType = sourcecode.swift; path = OHRearMenuHeaderView.swift; sourceTree = "<group>"; };
		221D82AD1B10DA2F007135F1 /* OHRearMenuSectionHeader.swift */ = {isa = PBXFileReference; fileEncoding = 4; lastKnownFileType = sourcecode.swift; path = OHRearMenuSectionHeader.swift; sourceTree = "<group>"; };
		223C7FB51AE79FF90079A41C /* OHRestParser.swift */ = {isa = PBXFileReference; fileEncoding = 4; lastKnownFileType = sourcecode.swift; path = OHRestParser.swift; sourceTree = "<group>"; };
		223C7FB71AE7C4040079A41C /* OHHomepage.swift */ = {isa = PBXFileReference; fileEncoding = 4; lastKnownFileType = sourcecode.swift; path = OHHomepage.swift; sourceTree = "<group>"; };
		22599E611B0A13EC00EE7558 /* OHBeaconManager.swift */ = {isa = PBXFileReference; fileEncoding = 4; lastKnownFileType = sourcecode.swift; path = OHBeaconManager.swift; sourceTree = "<group>"; };
		226F9E791B0CC97D00231D5C /* SWRevealViewController.h */ = {isa = PBXFileReference; fileEncoding = 4; lastKnownFileType = sourcecode.c.h; path = SWRevealViewController.h; sourceTree = "<group>"; };
		226F9E7A1B0CC97D00231D5C /* SWRevealViewController.m */ = {isa = PBXFileReference; fileEncoding = 4; lastKnownFileType = sourcecode.c.objc; path = SWRevealViewController.m; sourceTree = "<group>"; };
		226F9E7D1B0CCF8700231D5C /* OHRearMenuViewController.swift */ = {isa = PBXFileReference; fileEncoding = 4; lastKnownFileType = sourcecode.swift; path = OHRearMenuViewController.swift; sourceTree = "<group>"; };
		226F9E7F1B0CEABF00231D5C /* OHRearMenuTableViewCell.swift */ = {isa = PBXFileReference; fileEncoding = 4; lastKnownFileType = sourcecode.swift; path = OHRearMenuTableViewCell.swift; sourceTree = "<group>"; };
		227DDC241ADBE25A001EAE08 /* OpenhabApi.app */ = {isa = PBXFileReference; explicitFileType = wrapper.application; includeInIndex = 0; path = OpenhabApi.app; sourceTree = BUILT_PRODUCTS_DIR; };
		227DDC281ADBE25A001EAE08 /* Info.plist */ = {isa = PBXFileReference; lastKnownFileType = text.plist.xml; path = Info.plist; sourceTree = "<group>"; };
		227DDC291ADBE25A001EAE08 /* AppDelegate.swift */ = {isa = PBXFileReference; lastKnownFileType = sourcecode.swift; path = AppDelegate.swift; sourceTree = "<group>"; };
		227DDC2E1ADBE25A001EAE08 /* Base */ = {isa = PBXFileReference; lastKnownFileType = file.storyboard; name = Base; path = Base.lproj/Main.storyboard; sourceTree = "<group>"; };
		227DDC301ADBE25A001EAE08 /* Images.xcassets */ = {isa = PBXFileReference; lastKnownFileType = folder.assetcatalog; path = Images.xcassets; sourceTree = "<group>"; };
		227DDC331ADBE25A001EAE08 /* Base */ = {isa = PBXFileReference; lastKnownFileType = file.xib; name = Base; path = Base.lproj/LaunchScreen.xib; sourceTree = "<group>"; };
		227DDC391ADBE25B001EAE08 /* OpenhabApiTests.xctest */ = {isa = PBXFileReference; explicitFileType = wrapper.cfbundle; includeInIndex = 0; path = OpenhabApiTests.xctest; sourceTree = BUILT_PRODUCTS_DIR; };
		227DDC3E1ADBE25B001EAE08 /* Info.plist */ = {isa = PBXFileReference; lastKnownFileType = text.plist.xml; path = Info.plist; sourceTree = "<group>"; };
		227DDC3F1ADBE25B001EAE08 /* OpenhabApiTests.swift */ = {isa = PBXFileReference; lastKnownFileType = sourcecode.swift; path = OpenhabApiTests.swift; sourceTree = "<group>"; };
		227DDC491ADBE2A1001EAE08 /* OHRestManager.swift */ = {isa = PBXFileReference; fileEncoding = 4; lastKnownFileType = sourcecode.swift; path = OHRestManager.swift; sourceTree = "<group>"; };
		227DDC4B1ADBE8D1001EAE08 /* SwiftyJSON.swift */ = {isa = PBXFileReference; fileEncoding = 4; lastKnownFileType = sourcecode.swift; path = SwiftyJSON.swift; sourceTree = "<group>"; };
		227DDC4F1ADC09BC001EAE08 /* OHBeacon.swift */ = {isa = PBXFileReference; fileEncoding = 4; lastKnownFileType = sourcecode.swift; path = OHBeacon.swift; sourceTree = "<group>"; };
		227DDC591ADD3C32001EAE08 /* OHSitemap.swift */ = {isa = PBXFileReference; fileEncoding = 4; lastKnownFileType = sourcecode.swift; path = OHSitemap.swift; sourceTree = "<group>"; };
		227DDC5B1ADD4EB6001EAE08 /* OHSitemapsTableViewController.swift */ = {isa = PBXFileReference; fileEncoding = 4; lastKnownFileType = sourcecode.swift; path = OHSitemapsTableViewController.swift; sourceTree = "<group>"; };
		228156021B20520C005A137A /* OHSettingsViewController.swift */ = {isa = PBXFileReference; fileEncoding = 4; lastKnownFileType = sourcecode.swift; path = OHSettingsViewController.swift; sourceTree = "<group>"; };
		228156041B20583B005A137A /* Defaults.plist */ = {isa = PBXFileReference; fileEncoding = 4; lastKnownFileType = text.plist.xml; path = Defaults.plist; sourceTree = "<group>"; };
		228156081B2070B8005A137A /* OHDefaults.swift */ = {isa = PBXFileReference; fileEncoding = 4; lastKnownFileType = sourcecode.swift; path = OHDefaults.swift; sourceTree = "<group>"; };
		229C2CAB1B1607D80003FE64 /* S3FileManager.h */ = {isa = PBXFileReference; fileEncoding = 4; lastKnownFileType = sourcecode.c.h; path = S3FileManager.h; sourceTree = "<group>"; };
		229C2CAC1B1607D80003FE64 /* S3FileManager.m */ = {isa = PBXFileReference; fileEncoding = 4; lastKnownFileType = sourcecode.c.objc; path = S3FileManager.m; sourceTree = "<group>"; };
		22A899CD1AFA0934004FFC16 /* OHRootViewController.swift */ = {isa = PBXFileReference; fileEncoding = 4; lastKnownFileType = sourcecode.swift; path = OHRootViewController.swift; sourceTree = "<group>"; };
		22A899CF1AFA0DA7004FFC16 /* OHDataManager.swift */ = {isa = PBXFileReference; fileEncoding = 4; lastKnownFileType = sourcecode.swift; path = OHDataManager.swift; sourceTree = "<group>"; };
		22A899D11AFA30B1004FFC16 /* ViewSetter.swift */ = {isa = PBXFileReference; fileEncoding = 4; lastKnownFileType = sourcecode.swift; path = ViewSetter.swift; sourceTree = "<group>"; };
		22B3BAE01AE64B4E006150AC /* OHSitemapParser.swift */ = {isa = PBXFileReference; fileEncoding = 4; lastKnownFileType = sourcecode.swift; path = OHSitemapParser.swift; sourceTree = "<group>"; };
		22B3BAE21AE64D82006150AC /* OHWidget.swift */ = {isa = PBXFileReference; fileEncoding = 4; lastKnownFileType = sourcecode.swift; path = OHWidget.swift; sourceTree = "<group>"; };
		22B3BAE41AE68AA5006150AC /* OHRoomsViewController.swift */ = {isa = PBXFileReference; fileEncoding = 4; lastKnownFileType = sourcecode.swift; path = OHRoomsViewController.swift; sourceTree = "<group>"; };
		22C632EF1B04B8BD00BB0A17 /* OHBaseViewController.swift */ = {isa = PBXFileReference; fileEncoding = 4; lastKnownFileType = sourcecode.swift; path = OHBaseViewController.swift; sourceTree = "<group>"; };
		22C632F41B04E42400BB0A17 /* OpenhabApi-Bridging-Header.h */ = {isa = PBXFileReference; lastKnownFileType = sourcecode.c.h; path = "OpenhabApi-Bridging-Header.h"; sourceTree = "<group>"; };
		22C632F51B04E42500BB0A17 /* AngleGradientLayer.h */ = {isa = PBXFileReference; fileEncoding = 4; lastKnownFileType = sourcecode.c.h; path = AngleGradientLayer.h; sourceTree = "<group>"; };
		22C632F61B04E42500BB0A17 /* AngleGradientLayer.m */ = {isa = PBXFileReference; fileEncoding = 4; lastKnownFileType = sourcecode.c.objc; path = AngleGradientLayer.m; sourceTree = "<group>"; };
		22C632F71B04E42500BB0A17 /* ButtonWithCustomBackgroundSize.swift */ = {isa = PBXFileReference; fileEncoding = 4; lastKnownFileType = sourcecode.swift; path = ButtonWithCustomBackgroundSize.swift; sourceTree = "<group>"; };
		22C632F81B04E42500BB0A17 /* ColorWheel.swift */ = {isa = PBXFileReference; fileEncoding = 4; lastKnownFileType = sourcecode.swift; path = ColorWheel.swift; sourceTree = "<group>"; };
		22CC649D1B1C7FD700635978 /* OHLight.swift */ = {isa = PBXFileReference; fileEncoding = 4; lastKnownFileType = sourcecode.swift; path = OHLight.swift; sourceTree = "<group>"; };
		22CC649F1B1DCDD100635978 /* PowerButton.swift */ = {isa = PBXFileReference; fileEncoding = 4; lastKnownFileType = sourcecode.swift; path = PowerButton.swift; sourceTree = "<group>"; };
		22CC64A11B1DDC4A00635978 /* MDWSlider.swift */ = {isa = PBXFileReference; fileEncoding = 4; lastKnownFileType = sourcecode.swift; path = MDWSlider.swift; sourceTree = "<group>"; };
		22CC64A51B1F03E300635978 /* Muli-Light.ttf */ = {isa = PBXFileReference; lastKnownFileType = file; path = "Muli-Light.ttf"; sourceTree = "<group>"; };
		22CC64A61B1F03E300635978 /* Muli-Regular.ttf */ = {isa = PBXFileReference; lastKnownFileType = file; path = "Muli-Regular.ttf"; sourceTree = "<group>"; };
		22CC64AB1B1F234B00635978 /* OHRearMenuFooterView.swift */ = {isa = PBXFileReference; fileEncoding = 4; lastKnownFileType = sourcecode.swift; path = OHRearMenuFooterView.swift; sourceTree = "<group>"; };
		22D782EC1AEF7FF8006BFDF8 /* OHWidgetCollectionViewController.swift */ = {isa = PBXFileReference; fileEncoding = 4; lastKnownFileType = sourcecode.swift; path = OHWidgetCollectionViewController.swift; sourceTree = "<group>"; };
		22D782EE1AEFA9F9006BFDF8 /* OHWidgetCell.swift */ = {isa = PBXFileReference; fileEncoding = 4; lastKnownFileType = sourcecode.swift; path = OHWidgetCell.swift; sourceTree = "<group>"; };
		22D782F01AEFBE5E006BFDF8 /* OHWidgetCollectionViewLayout.swift */ = {isa = PBXFileReference; fileEncoding = 4; lastKnownFileType = sourcecode.swift; path = OHWidgetCollectionViewLayout.swift; sourceTree = "<group>"; };
		22DFE53E1AF0CA1300390AC6 /* Settings.bundle */ = {isa = PBXFileReference; lastKnownFileType = "wrapper.plug-in"; path = Settings.bundle; sourceTree = "<group>"; };
		22E83C091ADE65710055B77A /* OHItem.swift */ = {isa = PBXFileReference; fileEncoding = 4; lastKnownFileType = sourcecode.swift; path = OHItem.swift; sourceTree = "<group>"; };
		22E83C0B1ADEACFD0055B77A /* OHLinkedPage.swift */ = {isa = PBXFileReference; fileEncoding = 4; lastKnownFileType = sourcecode.swift; path = OHLinkedPage.swift; sourceTree = "<group>"; };
		22EC1D061B01174300A39857 /* OHLightController.swift */ = {isa = PBXFileReference; fileEncoding = 4; lastKnownFileType = sourcecode.swift; path = OHLightController.swift; sourceTree = "<group>"; };
		22EC1D081B02004C00A39857 /* OHRoomViewController.swift */ = {isa = PBXFileReference; fileEncoding = 4; lastKnownFileType = sourcecode.swift; path = OHRoomViewController.swift; sourceTree = "<group>"; };
		22FF379F1B21A8AE00D69741 /* OHStatusBarView.swift */ = {isa = PBXFileReference; fileEncoding = 4; lastKnownFileType = sourcecode.swift; path = OHStatusBarView.swift; sourceTree = "<group>"; };
/* End PBXFileReference section */

/* Begin PBXFrameworksBuildPhase section */
		227DDC211ADBE25A001EAE08 /* Frameworks */ = {
			isa = PBXFrameworksBuildPhase;
			buildActionMask = 2147483647;
			files = (
			);
			runOnlyForDeploymentPostprocessing = 0;
		};
		227DDC361ADBE25B001EAE08 /* Frameworks */ = {
			isa = PBXFrameworksBuildPhase;
			buildActionMask = 2147483647;
			files = (
			);
			runOnlyForDeploymentPostprocessing = 0;
		};
/* End PBXFrameworksBuildPhase section */

/* Begin PBXGroup section */
		221AA8611B074624008805A5 /* OHDropdownMenu */ = {
			isa = PBXGroup;
			children = (
				221AA8621B074651008805A5 /* OHDropdownMenuButton.swift */,
				221AA85D1B0745DC008805A5 /* OHDropdownMenuTableViewController.swift */,
				221AA85F1B074617008805A5 /* OHDropdownMenuTableViewCell.swift */,
			);
			name = OHDropdownMenu;
			sourceTree = "<group>";
		};
		226F9E7C1B0CC98200231D5C /* SWRevealViewController */ = {
			isa = PBXGroup;
			children = (
				226F9E791B0CC97D00231D5C /* SWRevealViewController.h */,
				226F9E7A1B0CC97D00231D5C /* SWRevealViewController.m */,
			);
			name = SWRevealViewController;
			sourceTree = "<group>";
		};
		226F9E811B0CEAD400231D5C /* OHRearMenu */ = {
			isa = PBXGroup;
			children = (
				226F9E7D1B0CCF8700231D5C /* OHRearMenuViewController.swift */,
				226F9E7F1B0CEABF00231D5C /* OHRearMenuTableViewCell.swift */,
				221D82AB1B10AD89007135F1 /* OHRearMenuHeaderView.swift */,
				221D82AD1B10DA2F007135F1 /* OHRearMenuSectionHeader.swift */,
				22CC64AB1B1F234B00635978 /* OHRearMenuFooterView.swift */,
			);
			name = OHRearMenu;
			sourceTree = "<group>";
		};
		227DDC1B1ADBE25A001EAE08 = {
			isa = PBXGroup;
			children = (
				227DDC261ADBE25A001EAE08 /* OpenhabApi */,
				227DDC3C1ADBE25B001EAE08 /* OpenhabApiTests */,
				227DDC251ADBE25A001EAE08 /* Products */,
			);
			sourceTree = "<group>";
		};
		227DDC251ADBE25A001EAE08 /* Products */ = {
			isa = PBXGroup;
			children = (
				227DDC241ADBE25A001EAE08 /* OpenhabApi.app */,
				227DDC391ADBE25B001EAE08 /* OpenhabApiTests.xctest */,
			);
			name = Products;
			sourceTree = "<group>";
		};
		227DDC261ADBE25A001EAE08 /* OpenhabApi */ = {
			isa = PBXGroup;
			children = (
				22CC64A71B1F03F300635978 /* Assets */,
				227DDC291ADBE25A001EAE08 /* AppDelegate.swift */,
				22FF379F1B21A8AE00D69741 /* OHStatusBarView.swift */,
				22E83C081ADE54C20055B77A /* ViewControllers */,
				22C632FC1B04E45000BB0A17 /* ColorWheelButton */,
				22E83C061ADE54950055B77A /* Models */,
				22C632F11B04BC0B00BB0A17 /* Helper */,
				22E83C071ADE54AD0055B77A /* Vendor */,
				227DDC271ADBE25A001EAE08 /* Supporting Files */,
				22C632F21B04BD6A00BB0A17 /* Deprecated */,
				22C632F41B04E42400BB0A17 /* OpenhabApi-Bridging-Header.h */,
			);
			path = OpenhabApi;
			sourceTree = "<group>";
		};
		227DDC271ADBE25A001EAE08 /* Supporting Files */ = {
			isa = PBXGroup;
			children = (
				227DDC2D1ADBE25A001EAE08 /* Main.storyboard */,
				227DDC321ADBE25A001EAE08 /* LaunchScreen.xib */,
				227DDC301ADBE25A001EAE08 /* Images.xcassets */,
				22DFE53E1AF0CA1300390AC6 /* Settings.bundle */,
				227DDC281ADBE25A001EAE08 /* Info.plist */,
				228156041B20583B005A137A /* Defaults.plist */,
			);
			name = "Supporting Files";
			sourceTree = "<group>";
		};
		227DDC3C1ADBE25B001EAE08 /* OpenhabApiTests */ = {
			isa = PBXGroup;
			children = (
				227DDC3F1ADBE25B001EAE08 /* OpenhabApiTests.swift */,
				227DDC3D1ADBE25B001EAE08 /* Supporting Files */,
			);
			path = OpenhabApiTests;
			sourceTree = "<group>";
		};
		227DDC3D1ADBE25B001EAE08 /* Supporting Files */ = {
			isa = PBXGroup;
			children = (
				227DDC3E1ADBE25B001EAE08 /* Info.plist */,
			);
			name = "Supporting Files";
			sourceTree = "<group>";
		};
		22A899D31AFA6229004FFC16 /* OHCollectionView */ = {
			isa = PBXGroup;
			children = (
				22D782EC1AEF7FF8006BFDF8 /* OHWidgetCollectionViewController.swift */,
				22D782EE1AEFA9F9006BFDF8 /* OHWidgetCell.swift */,
				22D782F01AEFBE5E006BFDF8 /* OHWidgetCollectionViewLayout.swift */,
			);
			name = OHCollectionView;
			sourceTree = "<group>";
		};
		22C632F11B04BC0B00BB0A17 /* Helper */ = {
			isa = PBXGroup;
			children = (
				229C2CAB1B1607D80003FE64 /* S3FileManager.h */,
				229C2CAC1B1607D80003FE64 /* S3FileManager.m */,
				22A899D11AFA30B1004FFC16 /* ViewSetter.swift */,
				22B3BAE01AE64B4E006150AC /* OHSitemapParser.swift */,
				223C7FB51AE79FF90079A41C /* OHRestParser.swift */,
				227DDC491ADBE2A1001EAE08 /* OHRestManager.swift */,
				22A899CF1AFA0DA7004FFC16 /* OHDataManager.swift */,
				22599E611B0A13EC00EE7558 /* OHBeaconManager.swift */,
				22CC649D1B1C7FD700635978 /* OHLight.swift */,
				228156081B2070B8005A137A /* OHDefaults.swift */,
			);
			name = Helper;
			sourceTree = "<group>";
		};
		22C632F21B04BD6A00BB0A17 /* Deprecated */ = {
			isa = PBXGroup;
			children = (
				227DDC5B1ADD4EB6001EAE08 /* OHSitemapsTableViewController.swift */,
			);
			name = Deprecated;
			sourceTree = "<group>";
		};
		22C632FC1B04E45000BB0A17 /* ColorWheelButton */ = {
			isa = PBXGroup;
			children = (
				22C632F51B04E42500BB0A17 /* AngleGradientLayer.h */,
				22C632F61B04E42500BB0A17 /* AngleGradientLayer.m */,
				22C632F71B04E42500BB0A17 /* ButtonWithCustomBackgroundSize.swift */,
				22C632F81B04E42500BB0A17 /* ColorWheel.swift */,
				22CC649F1B1DCDD100635978 /* PowerButton.swift */,
				22CC64A11B1DDC4A00635978 /* MDWSlider.swift */,
			);
			name = ColorWheelButton;
			sourceTree = "<group>";
		};
		22CC64A71B1F03F300635978 /* Assets */ = {
			isa = PBXGroup;
			children = (
				22CC64A81B1F03FE00635978 /* Fonts */,
			);
			name = Assets;
			sourceTree = "<group>";
		};
		22CC64A81B1F03FE00635978 /* Fonts */ = {
			isa = PBXGroup;
			children = (
				22CC64A51B1F03E300635978 /* Muli-Light.ttf */,
				22CC64A61B1F03E300635978 /* Muli-Regular.ttf */,
			);
			name = Fonts;
			sourceTree = "<group>";
		};
		22E83C061ADE54950055B77A /* Models */ = {
			isa = PBXGroup;
			children = (
				227DDC4F1ADC09BC001EAE08 /* OHBeacon.swift */,
				227DDC591ADD3C32001EAE08 /* OHSitemap.swift */,
				22E83C091ADE65710055B77A /* OHItem.swift */,
				22E83C0B1ADEACFD0055B77A /* OHLinkedPage.swift */,
				22B3BAE21AE64D82006150AC /* OHWidget.swift */,
				223C7FB71AE7C4040079A41C /* OHHomepage.swift */,
			);
			name = Models;
			sourceTree = "<group>";
		};
		22E83C071ADE54AD0055B77A /* Vendor */ = {
			isa = PBXGroup;
			children = (
				226F9E7C1B0CC98200231D5C /* SWRevealViewController */,
				227DDC4B1ADBE8D1001EAE08 /* SwiftyJSON.swift */,
			);
			name = Vendor;
			sourceTree = "<group>";
		};
		22E83C081ADE54C20055B77A /* ViewControllers */ = {
			isa = PBXGroup;
			children = (
				22C632EF1B04B8BD00BB0A17 /* OHBaseViewController.swift */,
				22A899CD1AFA0934004FFC16 /* OHRootViewController.swift */,
				22B3BAE41AE68AA5006150AC /* OHRoomsViewController.swift */,
				22EC1D081B02004C00A39857 /* OHRoomViewController.swift */,
				22EC1D061B01174300A39857 /* OHLightController.swift */,
				228156021B20520C005A137A /* OHSettingsViewController.swift */,
				226F9E811B0CEAD400231D5C /* OHRearMenu */,
				221AA8611B074624008805A5 /* OHDropdownMenu */,
				22A899D31AFA6229004FFC16 /* OHCollectionView */,
			);
			name = ViewControllers;
			sourceTree = "<group>";
		};
/* End PBXGroup section */

/* Begin PBXNativeTarget section */
		227DDC231ADBE25A001EAE08 /* OpenhabApi */ = {
			isa = PBXNativeTarget;
			buildConfigurationList = 227DDC431ADBE25B001EAE08 /* Build configuration list for PBXNativeTarget "OpenhabApi" */;
			buildPhases = (
				227DDC201ADBE25A001EAE08 /* Sources */,
				227DDC211ADBE25A001EAE08 /* Frameworks */,
				227DDC221ADBE25A001EAE08 /* Resources */,
			);
			buildRules = (
			);
			dependencies = (
			);
			name = OpenhabApi;
			productName = OpenhabApi;
			productReference = 227DDC241ADBE25A001EAE08 /* OpenhabApi.app */;
			productType = "com.apple.product-type.application";
		};
		227DDC381ADBE25B001EAE08 /* OpenhabApiTests */ = {
			isa = PBXNativeTarget;
			buildConfigurationList = 227DDC461ADBE25B001EAE08 /* Build configuration list for PBXNativeTarget "OpenhabApiTests" */;
			buildPhases = (
				227DDC351ADBE25B001EAE08 /* Sources */,
				227DDC361ADBE25B001EAE08 /* Frameworks */,
				227DDC371ADBE25B001EAE08 /* Resources */,
			);
			buildRules = (
			);
			dependencies = (
				227DDC3B1ADBE25B001EAE08 /* PBXTargetDependency */,
			);
			name = OpenhabApiTests;
			productName = OpenhabApiTests;
			productReference = 227DDC391ADBE25B001EAE08 /* OpenhabApiTests.xctest */;
			productType = "com.apple.product-type.bundle.unit-test";
		};
/* End PBXNativeTarget section */

/* Begin PBXProject section */
		227DDC1C1ADBE25A001EAE08 /* Project object */ = {
			isa = PBXProject;
			attributes = {
				LastUpgradeCheck = 0630;
				ORGANIZATIONNAME = "Miguel dos Santos Vaz Dias Wicht";
				TargetAttributes = {
					227DDC231ADBE25A001EAE08 = {
						CreatedOnToolsVersion = 6.3;
						DevelopmentTeam = 69MY8FFEJ4;
					};
					227DDC381ADBE25B001EAE08 = {
						CreatedOnToolsVersion = 6.3;
						TestTargetID = 227DDC231ADBE25A001EAE08;
					};
				};
			};
			buildConfigurationList = 227DDC1F1ADBE25A001EAE08 /* Build configuration list for PBXProject "OpenhabApi" */;
			compatibilityVersion = "Xcode 3.2";
			developmentRegion = English;
			hasScannedForEncodings = 0;
			knownRegions = (
				en,
				Base,
			);
			mainGroup = 227DDC1B1ADBE25A001EAE08;
			productRefGroup = 227DDC251ADBE25A001EAE08 /* Products */;
			projectDirPath = "";
			projectRoot = "";
			targets = (
				227DDC231ADBE25A001EAE08 /* OpenhabApi */,
				227DDC381ADBE25B001EAE08 /* OpenhabApiTests */,
			);
		};
/* End PBXProject section */

/* Begin PBXResourcesBuildPhase section */
		227DDC221ADBE25A001EAE08 /* Resources */ = {
			isa = PBXResourcesBuildPhase;
			buildActionMask = 2147483647;
			files = (
				22CC64A91B1F0B2A00635978 /* Muli-Light.ttf in Resources */,
				228156051B20583B005A137A /* Defaults.plist in Resources */,
				22CC64AA1B1F0B2A00635978 /* Muli-Regular.ttf in Resources */,
				22DFE53F1AF0CA1300390AC6 /* Settings.bundle in Resources */,
				227DDC2F1ADBE25A001EAE08 /* Main.storyboard in Resources */,
				227DDC341ADBE25A001EAE08 /* LaunchScreen.xib in Resources */,
				227DDC311ADBE25A001EAE08 /* Images.xcassets in Resources */,
			);
			runOnlyForDeploymentPostprocessing = 0;
		};
		227DDC371ADBE25B001EAE08 /* Resources */ = {
			isa = PBXResourcesBuildPhase;
			buildActionMask = 2147483647;
			files = (
			);
			runOnlyForDeploymentPostprocessing = 0;
		};
/* End PBXResourcesBuildPhase section */

/* Begin PBXSourcesBuildPhase section */
		227DDC201ADBE25A001EAE08 /* Sources */ = {
			isa = PBXSourcesBuildPhase;
			buildActionMask = 2147483647;
			files = (
				228156031B20520C005A137A /* OHSettingsViewController.swift in Sources */,
				223C7FB81AE7C4040079A41C /* OHHomepage.swift in Sources */,
				22E83C0C1ADEACFD0055B77A /* OHLinkedPage.swift in Sources */,
				221D82AC1B10AD89007135F1 /* OHRearMenuHeaderView.swift in Sources */,
				221AA8631B074651008805A5 /* OHDropdownMenuButton.swift in Sources */,
				223C7FB61AE79FF90079A41C /* OHRestParser.swift in Sources */,
				227DDC4A1ADBE2A1001EAE08 /* OHRestManager.swift in Sources */,
				22C632FB1B04E42500BB0A17 /* ColorWheel.swift in Sources */,
				229C2CAD1B1607D80003FE64 /* S3FileManager.m in Sources */,
				22FF37A01B21A8AE00D69741 /* OHStatusBarView.swift in Sources */,
				227DDC2A1ADBE25A001EAE08 /* AppDelegate.swift in Sources */,
				226F9E7E1B0CCF8700231D5C /* OHRearMenuViewController.swift in Sources */,
				22D782F11AEFBE5E006BFDF8 /* OHWidgetCollectionViewLayout.swift in Sources */,
				22D782EF1AEFA9F9006BFDF8 /* OHWidgetCell.swift in Sources */,
				22D782ED1AEF7FF8006BFDF8 /* OHWidgetCollectionViewController.swift in Sources */,
				22B3BAE51AE68AA5006150AC /* OHRoomsViewController.swift in Sources */,
				227DDC4C1ADBE8D1001EAE08 /* SwiftyJSON.swift in Sources */,
				22CC64AC1B1F234B00635978 /* OHRearMenuFooterView.swift in Sources */,
				22A899D21AFA30B1004FFC16 /* ViewSetter.swift in Sources */,
				22EC1D071B01174300A39857 /* OHLightController.swift in Sources */,
				22B3BAE11AE64B4E006150AC /* OHSitemapParser.swift in Sources */,
				22C632F01B04B8BD00BB0A17 /* OHBaseViewController.swift in Sources */,
				22CC649E1B1C7FD700635978 /* OHLight.swift in Sources */,
				226F9E801B0CEABF00231D5C /* OHRearMenuTableViewCell.swift in Sources */,
				22B3BAE31AE64D82006150AC /* OHWidget.swift in Sources */,
				226F9E7B1B0CC97D00231D5C /* SWRevealViewController.m in Sources */,
				22599E621B0A13EC00EE7558 /* OHBeaconManager.swift in Sources */,
				221AA85E1B0745DC008805A5 /* OHDropdownMenuTableViewController.swift in Sources */,
				22EC1D091B02004C00A39857 /* OHRoomViewController.swift in Sources */,
				221AA8601B074617008805A5 /* OHDropdownMenuTableViewCell.swift in Sources */,
				22CC64A21B1DDC4A00635978 /* MDWSlider.swift in Sources */,
				22C632F91B04E42500BB0A17 /* AngleGradientLayer.m in Sources */,
				227DDC5A1ADD3C32001EAE08 /* OHSitemap.swift in Sources */,
				228156091B2070B8005A137A /* OHDefaults.swift in Sources */,
				22CC64A01B1DCDD100635978 /* PowerButton.swift in Sources */,
				22A899D01AFA0DA7004FFC16 /* OHDataManager.swift in Sources */,
				221D82AE1B10DA2F007135F1 /* OHRearMenuSectionHeader.swift in Sources */,
				22E83C0A1ADE65710055B77A /* OHItem.swift in Sources */,
				227DDC501ADC09BC001EAE08 /* OHBeacon.swift in Sources */,
				22C632FA1B04E42500BB0A17 /* ButtonWithCustomBackgroundSize.swift in Sources */,
				22A899CE1AFA0934004FFC16 /* OHRootViewController.swift in Sources */,
				227DDC5C1ADD4EB6001EAE08 /* OHSitemapsTableViewController.swift in Sources */,
			);
			runOnlyForDeploymentPostprocessing = 0;
		};
		227DDC351ADBE25B001EAE08 /* Sources */ = {
			isa = PBXSourcesBuildPhase;
			buildActionMask = 2147483647;
			files = (
				227DDC401ADBE25B001EAE08 /* OpenhabApiTests.swift in Sources */,
			);
			runOnlyForDeploymentPostprocessing = 0;
		};
/* End PBXSourcesBuildPhase section */

/* Begin PBXTargetDependency section */
		227DDC3B1ADBE25B001EAE08 /* PBXTargetDependency */ = {
			isa = PBXTargetDependency;
			target = 227DDC231ADBE25A001EAE08 /* OpenhabApi */;
			targetProxy = 227DDC3A1ADBE25B001EAE08 /* PBXContainerItemProxy */;
		};
/* End PBXTargetDependency section */

/* Begin PBXVariantGroup section */
		227DDC2D1ADBE25A001EAE08 /* Main.storyboard */ = {
			isa = PBXVariantGroup;
			children = (
				227DDC2E1ADBE25A001EAE08 /* Base */,
			);
			name = Main.storyboard;
			sourceTree = "<group>";
		};
		227DDC321ADBE25A001EAE08 /* LaunchScreen.xib */ = {
			isa = PBXVariantGroup;
			children = (
				227DDC331ADBE25A001EAE08 /* Base */,
			);
			name = LaunchScreen.xib;
			sourceTree = "<group>";
		};
/* End PBXVariantGroup section */

/* Begin XCBuildConfiguration section */
		227DDC411ADBE25B001EAE08 /* Debug */ = {
			isa = XCBuildConfiguration;
			buildSettings = {
				ALWAYS_SEARCH_USER_PATHS = NO;
				CLANG_CXX_LANGUAGE_STANDARD = "gnu++0x";
				CLANG_CXX_LIBRARY = "libc++";
				CLANG_ENABLE_MODULES = YES;
				CLANG_ENABLE_OBJC_ARC = YES;
				CLANG_WARN_BOOL_CONVERSION = YES;
				CLANG_WARN_CONSTANT_CONVERSION = YES;
				CLANG_WARN_DIRECT_OBJC_ISA_USAGE = YES_ERROR;
				CLANG_WARN_EMPTY_BODY = YES;
				CLANG_WARN_ENUM_CONVERSION = YES;
				CLANG_WARN_INT_CONVERSION = YES;
				CLANG_WARN_OBJC_ROOT_CLASS = YES_ERROR;
				CLANG_WARN_UNREACHABLE_CODE = YES;
				CLANG_WARN__DUPLICATE_METHOD_MATCH = YES;
				"CODE_SIGN_IDENTITY[sdk=iphoneos*]" = "iPhone Developer";
				COPY_PHASE_STRIP = NO;
				DEBUG_INFORMATION_FORMAT = "dwarf-with-dsym";
				ENABLE_STRICT_OBJC_MSGSEND = YES;
				GCC_C_LANGUAGE_STANDARD = gnu99;
				GCC_DYNAMIC_NO_PIC = NO;
				GCC_NO_COMMON_BLOCKS = YES;
				GCC_OPTIMIZATION_LEVEL = 0;
				GCC_PREPROCESSOR_DEFINITIONS = (
					"DEBUG=1",
					"$(inherited)",
				);
				GCC_SYMBOLS_PRIVATE_EXTERN = NO;
				GCC_WARN_64_TO_32_BIT_CONVERSION = YES;
				GCC_WARN_ABOUT_RETURN_TYPE = YES_ERROR;
				GCC_WARN_UNDECLARED_SELECTOR = YES;
				GCC_WARN_UNINITIALIZED_AUTOS = YES_AGGRESSIVE;
				GCC_WARN_UNUSED_FUNCTION = YES;
				GCC_WARN_UNUSED_VARIABLE = YES;
				IPHONEOS_DEPLOYMENT_TARGET = 8.3;
				MTL_ENABLE_DEBUG_INFO = YES;
				ONLY_ACTIVE_ARCH = YES;
				SDKROOT = iphoneos;
				SWIFT_OPTIMIZATION_LEVEL = "-Onone";
				TARGETED_DEVICE_FAMILY = "1,2";
			};
			name = Debug;
		};
		227DDC421ADBE25B001EAE08 /* Release */ = {
			isa = XCBuildConfiguration;
			buildSettings = {
				ALWAYS_SEARCH_USER_PATHS = NO;
				CLANG_CXX_LANGUAGE_STANDARD = "gnu++0x";
				CLANG_CXX_LIBRARY = "libc++";
				CLANG_ENABLE_MODULES = YES;
				CLANG_ENABLE_OBJC_ARC = YES;
				CLANG_WARN_BOOL_CONVERSION = YES;
				CLANG_WARN_CONSTANT_CONVERSION = YES;
				CLANG_WARN_DIRECT_OBJC_ISA_USAGE = YES_ERROR;
				CLANG_WARN_EMPTY_BODY = YES;
				CLANG_WARN_ENUM_CONVERSION = YES;
				CLANG_WARN_INT_CONVERSION = YES;
				CLANG_WARN_OBJC_ROOT_CLASS = YES_ERROR;
				CLANG_WARN_UNREACHABLE_CODE = YES;
				CLANG_WARN__DUPLICATE_METHOD_MATCH = YES;
				"CODE_SIGN_IDENTITY[sdk=iphoneos*]" = "iPhone Developer";
				COPY_PHASE_STRIP = NO;
				DEBUG_INFORMATION_FORMAT = "dwarf-with-dsym";
				ENABLE_NS_ASSERTIONS = NO;
				ENABLE_STRICT_OBJC_MSGSEND = YES;
				GCC_C_LANGUAGE_STANDARD = gnu99;
				GCC_NO_COMMON_BLOCKS = YES;
				GCC_WARN_64_TO_32_BIT_CONVERSION = YES;
				GCC_WARN_ABOUT_RETURN_TYPE = YES_ERROR;
				GCC_WARN_UNDECLARED_SELECTOR = YES;
				GCC_WARN_UNINITIALIZED_AUTOS = YES_AGGRESSIVE;
				GCC_WARN_UNUSED_FUNCTION = YES;
				GCC_WARN_UNUSED_VARIABLE = YES;
				IPHONEOS_DEPLOYMENT_TARGET = 8.3;
				MTL_ENABLE_DEBUG_INFO = NO;
				SDKROOT = iphoneos;
				TARGETED_DEVICE_FAMILY = "1,2";
				VALIDATE_PRODUCT = YES;
			};
			name = Release;
		};
		227DDC441ADBE25B001EAE08 /* Debug */ = {
			isa = XCBuildConfiguration;
			buildSettings = {
				ASSETCATALOG_COMPILER_APPICON_NAME = AppIcon;
				CLANG_ENABLE_MODULES = YES;
				CODE_SIGN_IDENTITY = "iPhone Developer";
				"CODE_SIGN_IDENTITY[sdk=iphoneos*]" = "iPhone Developer";
				INFOPLIST_FILE = OpenhabApi/Info.plist;
				LD_RUNPATH_SEARCH_PATHS = "$(inherited) @executable_path/Frameworks";
				PRODUCT_NAME = "$(TARGET_NAME)";
				PROVISIONING_PROFILE = "";
				SWIFT_OBJC_BRIDGING_HEADER = "OpenhabApi/OpenhabApi-Bridging-Header.h";
				SWIFT_OPTIMIZATION_LEVEL = "-Onone";
			};
			name = Debug;
		};
		227DDC451ADBE25B001EAE08 /* Release */ = {
			isa = XCBuildConfiguration;
			buildSettings = {
				ASSETCATALOG_COMPILER_APPICON_NAME = AppIcon;
				CLANG_ENABLE_MODULES = YES;
				CODE_SIGN_IDENTITY = "iPhone Developer";
				"CODE_SIGN_IDENTITY[sdk=iphoneos*]" = "iPhone Developer";
				INFOPLIST_FILE = OpenhabApi/Info.plist;
				LD_RUNPATH_SEARCH_PATHS = "$(inherited) @executable_path/Frameworks";
				PRODUCT_NAME = "$(TARGET_NAME)";
				PROVISIONING_PROFILE = "";
				SWIFT_OBJC_BRIDGING_HEADER = "OpenhabApi/OpenhabApi-Bridging-Header.h";
			};
			name = Release;
		};
		227DDC471ADBE25B001EAE08 /* Debug */ = {
			isa = XCBuildConfiguration;
			buildSettings = {
				BUNDLE_LOADER = "$(TEST_HOST)";
				FRAMEWORK_SEARCH_PATHS = (
					"$(SDKROOT)/Developer/Library/Frameworks",
					"$(inherited)",
				);
				GCC_PREPROCESSOR_DEFINITIONS = (
					"DEBUG=1",
					"$(inherited)",
				);
				INFOPLIST_FILE = OpenhabApiTests/Info.plist;
				LD_RUNPATH_SEARCH_PATHS = "$(inherited) @executable_path/Frameworks @loader_path/Frameworks";
				PRODUCT_NAME = "$(TARGET_NAME)";
				TEST_HOST = "$(BUILT_PRODUCTS_DIR)/OpenhabApi.app/OpenhabApi";
			};
			name = Debug;
		};
		227DDC481ADBE25B001EAE08 /* Release */ = {
			isa = XCBuildConfiguration;
			buildSettings = {
				BUNDLE_LOADER = "$(TEST_HOST)";
				FRAMEWORK_SEARCH_PATHS = (
					"$(SDKROOT)/Developer/Library/Frameworks",
					"$(inherited)",
				);
				INFOPLIST_FILE = OpenhabApiTests/Info.plist;
				LD_RUNPATH_SEARCH_PATHS = "$(inherited) @executable_path/Frameworks @loader_path/Frameworks";
				PRODUCT_NAME = "$(TARGET_NAME)";
				TEST_HOST = "$(BUILT_PRODUCTS_DIR)/OpenhabApi.app/OpenhabApi";
			};
			name = Release;
		};
/* End XCBuildConfiguration section */

/* Begin XCConfigurationList section */
		227DDC1F1ADBE25A001EAE08 /* Build configuration list for PBXProject "OpenhabApi" */ = {
			isa = XCConfigurationList;
			buildConfigurations = (
				227DDC411ADBE25B001EAE08 /* Debug */,
				227DDC421ADBE25B001EAE08 /* Release */,
			);
			defaultConfigurationIsVisible = 0;
			defaultConfigurationName = Release;
		};
		227DDC431ADBE25B001EAE08 /* Build configuration list for PBXNativeTarget "OpenhabApi" */ = {
			isa = XCConfigurationList;
			buildConfigurations = (
				227DDC441ADBE25B001EAE08 /* Debug */,
				227DDC451ADBE25B001EAE08 /* Release */,
			);
			defaultConfigurationIsVisible = 0;
			defaultConfigurationName = Release;
		};
		227DDC461ADBE25B001EAE08 /* Build configuration list for PBXNativeTarget "OpenhabApiTests" */ = {
			isa = XCConfigurationList;
			buildConfigurations = (
				227DDC471ADBE25B001EAE08 /* Debug */,
				227DDC481ADBE25B001EAE08 /* Release */,
			);
			defaultConfigurationIsVisible = 0;
			defaultConfigurationName = Release;
		};
/* End XCConfigurationList section */
	};
	rootObject = 227DDC1C1ADBE25A001EAE08 /* Project object */;
}
